
Microsoft Visual Studio Solution File, Format Version 12.00
# Visual Studio Version 17
VisualStudioVersion = 17.8.34330.188
MinimumVisualStudioVersion = 10.0.40219.1
Project("{FAE04EC0-301F-11D3-BF4B-00C04F79EFBC}") = "WebAPIsLearning", "WebAPIsLearning\WebAPIsLearning.csproj", "{4504F30E-9916-4678-8D44-13811E49DE6C}"
EndProject
Global
	GlobalSection(SolutionConfigurationPlatforms) = preSolution
		Debug|Any CPU = Debug|Any CPU
		Release|Any CPU = Release|Any CPU
	EndGlobalSection
	GlobalSection(ProjectConfigurationPlatforms) = postSolution
		{4504F30E-9916-4678-8D44-13811E49DE6C}.Debug|Any CPU.ActiveCfg = Debug|Any CPU
		{4504F30E-9916-4678-8D44-13811E49DE6C}.Debug|Any CPU.Build.0 = Debug|Any CPU
		{4504F30E-9916-4678-8D44-13811E49DE6C}.Release|Any CPU.ActiveCfg = Release|Any CPU
		{4504F30E-9916-4678-8D44-13811E49DE6C}.Release|Any CPU.Build.0 = Release|Any CPU
	EndGlobalSection
	GlobalSection(SolutionProperties) = preSolution
		HideSolutionNode = FALSE
	EndGlobalSection
	GlobalSection(ExtensibilityGlobals) = postSolution
		SolutionGuid = {F5D74C45-83D7-4A5B-84A5-02751246AA2B}
	EndGlobalSection
EndGlobal
